
Microsoft Visual Studio Solution File, Format Version 12.00
# Visual Studio Version 17
VisualStudioVersion = 17.6.33712.159
MinimumVisualStudioVersion = 10.0.40219.1
Project("{FAE04EC0-301F-11D3-BF4B-00C04F79EFBC}") = "QuizzApp_group20", "QuizzApp_group20\QuizzApp_group20.csproj", "{8B885529-CE72-4FA9-8288-CF1D29F6C0E9}"
EndProject
Global
	GlobalSection(SolutionConfigurationPlatforms) = preSolution
		Debug|Any CPU = Debug|Any CPU
		Release|Any CPU = Release|Any CPU
	EndGlobalSection
	GlobalSection(ProjectConfigurationPlatforms) = postSolution
		{8B885529-CE72-4FA9-8288-CF1D29F6C0E9}.Debug|Any CPU.ActiveCfg = Debug|Any CPU
		{8B885529-CE72-4FA9-8288-CF1D29F6C0E9}.Debug|Any CPU.Build.0 = Debug|Any CPU
		{8B885529-CE72-4FA9-8288-CF1D29F6C0E9}.Release|Any CPU.ActiveCfg = Release|Any CPU
		{8B885529-CE72-4FA9-8288-CF1D29F6C0E9}.Release|Any CPU.Build.0 = Release|Any CPU
	EndGlobalSection
	GlobalSection(SolutionProperties) = preSolution
		HideSolutionNode = FALSE
	EndGlobalSection
	GlobalSection(ExtensibilityGlobals) = postSolution
		SolutionGuid = {120D379B-8F77-45FE-943D-96B466E047FF}
	EndGlobalSection
EndGlobal
